
Microsoft Visual Studio Solution File, Format Version 12.00
# Visual Studio Version 16
VisualStudioVersion = 16.0.808.4
MinimumVisualStudioVersion = 10.0.40219.1
Project("{FAE04EC0-301F-11D3-BF4B-00C04F79EFBC}") = "Playground.Web", "src\Playground.Web\Playground.Web.csproj", "{10CAD7BD-C235-4FD9-9461-C66A2591E3E8}"
EndProject
Project("{FAE04EC0-301F-11D3-BF4B-00C04F79EFBC}") = "Playground", "src\Playground\Playground.csproj", "{B23D3B33-3151-408E-93B7-8024A1FB981D}"
EndProject
Project("{2150E333-8FDC-42A3-9474-1A3956D46DE8}") = "Solution Items", "Solution Items", "{D7B2759B-C306-4088-AA3D-57ED1D466435}"
	ProjectSection(SolutionItems) = preProject
		Directory.Build.Targets = Directory.Build.Targets
	EndProjectSection
EndProject
Project("{FAE04EC0-301F-11D3-BF4B-00C04F79EFBC}") = "Playground.UT", "src\Playground.UT\Playground.UT.csproj", "{80DBFDE9-DE05-4E12-A6FC-11C4EB6D68B3}"
EndProject
Global
	GlobalSection(SolutionConfigurationPlatforms) = preSolution
		Debug|Any CPU = Debug|Any CPU
		Release|Any CPU = Release|Any CPU
	EndGlobalSection
	GlobalSection(ProjectConfigurationPlatforms) = postSolution
		{10CAD7BD-C235-4FD9-9461-C66A2591E3E8}.Debug|Any CPU.ActiveCfg = Debug|Any CPU
		{10CAD7BD-C235-4FD9-9461-C66A2591E3E8}.Debug|Any CPU.Build.0 = Debug|Any CPU
		{10CAD7BD-C235-4FD9-9461-C66A2591E3E8}.Release|Any CPU.ActiveCfg = Release|Any CPU
		{10CAD7BD-C235-4FD9-9461-C66A2591E3E8}.Release|Any CPU.Build.0 = Release|Any CPU
		{B23D3B33-3151-408E-93B7-8024A1FB981D}.Debug|Any CPU.ActiveCfg = Debug|Any CPU
		{B23D3B33-3151-408E-93B7-8024A1FB981D}.Debug|Any CPU.Build.0 = Debug|Any CPU
		{B23D3B33-3151-408E-93B7-8024A1FB981D}.Release|Any CPU.ActiveCfg = Release|Any CPU
		{B23D3B33-3151-408E-93B7-8024A1FB981D}.Release|Any CPU.Build.0 = Release|Any CPU
		{80DBFDE9-DE05-4E12-A6FC-11C4EB6D68B3}.Debug|Any CPU.ActiveCfg = Debug|Any CPU
		{80DBFDE9-DE05-4E12-A6FC-11C4EB6D68B3}.Debug|Any CPU.Build.0 = Debug|Any CPU
		{80DBFDE9-DE05-4E12-A6FC-11C4EB6D68B3}.Release|Any CPU.ActiveCfg = Release|Any CPU
		{80DBFDE9-DE05-4E12-A6FC-11C4EB6D68B3}.Release|Any CPU.Build.0 = Release|Any CPU
	EndGlobalSection
	GlobalSection(SolutionProperties) = preSolution
		HideSolutionNode = FALSE
	EndGlobalSection
	GlobalSection(ExtensibilityGlobals) = postSolution
		SolutionGuid = {AB17987A-AFC5-436C-B8DA-E4E082FE01A3}
	EndGlobalSection
EndGlobal
